
Microsoft Visual Studio Solution File, Format Version 12.00
# Visual Studio Version 17
VisualStudioVersion = 17.5.33414.496
MinimumVisualStudioVersion = 10.0.40219.1
Project("{9A19103F-16F7-4668-BE54-9A1E7A4F7556}") = "SourceFuseSampleAPI", "SourceFuseSampleAPI\SourceFuseSampleAPI.csproj", "{872E3226-2534-40D6-9145-C3D672E2E632}"
EndProject
Project("{9A19103F-16F7-4668-BE54-9A1E7A4F7556}") = "SourceFuseSampleAPITest", "SourceFuseSampleAPITest\SourceFuseSampleAPITest.csproj", "{DAADD9AC-F24D-4981-BE88-8C4F1643D788}"
EndProject
Global
	GlobalSection(SolutionConfigurationPlatforms) = preSolution
		Debug|Any CPU = Debug|Any CPU
		Release|Any CPU = Release|Any CPU
	EndGlobalSection
	GlobalSection(ProjectConfigurationPlatforms) = postSolution
		{872E3226-2534-40D6-9145-C3D672E2E632}.Debug|Any CPU.ActiveCfg = Debug|Any CPU
		{872E3226-2534-40D6-9145-C3D672E2E632}.Debug|Any CPU.Build.0 = Debug|Any CPU
		{872E3226-2534-40D6-9145-C3D672E2E632}.Release|Any CPU.ActiveCfg = Release|Any CPU
		{872E3226-2534-40D6-9145-C3D672E2E632}.Release|Any CPU.Build.0 = Release|Any CPU
		{DAADD9AC-F24D-4981-BE88-8C4F1643D788}.Debug|Any CPU.ActiveCfg = Debug|Any CPU
		{DAADD9AC-F24D-4981-BE88-8C4F1643D788}.Debug|Any CPU.Build.0 = Debug|Any CPU
		{DAADD9AC-F24D-4981-BE88-8C4F1643D788}.Release|Any CPU.ActiveCfg = Release|Any CPU
		{DAADD9AC-F24D-4981-BE88-8C4F1643D788}.Release|Any CPU.Build.0 = Release|Any CPU
	EndGlobalSection
	GlobalSection(SolutionProperties) = preSolution
		HideSolutionNode = FALSE
	EndGlobalSection
	GlobalSection(ExtensibilityGlobals) = postSolution
		SolutionGuid = {BFFB2F2F-7B58-4F69-9499-CD41C74BD52D}
	EndGlobalSection
EndGlobal
